// !$*UTF8*$!
{
	archiveVersion = 1;
	classes = {
	};
	objectVersion = 46;
	objects = {

/* Begin PBXBuildFile section */
		F4621F8C1B41C14300DD5CFD /* main.cpp in Sources */ = {isa = PBXBuildFile; fileRef = F4621F8B1B41C14300DD5CFD /* main.cpp */; };
		F4621F941B41C2CF00DD5CFD /* Sorter.cpp in Sources */ = {isa = PBXBuildFile; fileRef = F4621F931B41C2CF00DD5CFD /* Sorter.cpp */; };
		F4621F971B41C43500DD5CFD /* LibCSorter.cpp in Sources */ = {isa = PBXBuildFile; fileRef = F4621F951B41C43500DD5CFD /* LibCSorter.cpp */; };
		F4621F9A1B41C7B500DD5CFD /* MergeSorter.cpp in Sources */ = {isa = PBXBuildFile; fileRef = F4621F981B41C7B500DD5CFD /* MergeSorter.cpp */; };
		F4621F9D1B41DEC000DD5CFD /* QuickSorter.cpp in Sources */ = {isa = PBXBuildFile; fileRef = F4621F9B1B41DEC000DD5CFD /* QuickSorter.cpp */; };
		F4621FA01B43134E00DD5CFD /* BinaryHeapSorter.cpp in Sources */ = {isa = PBXBuildFile; fileRef = F4621F9E1B43134E00DD5CFD /* BinaryHeapSorter.cpp */; };
		F4621FA31B43294000DD5CFD /* CountingSorter.cpp in Sources */ = {isa = PBXBuildFile; fileRef = F4621FA11B43294000DD5CFD /* CountingSorter.cpp */; };
		F4621FA61B432F1D00DD5CFD /* RadixSorter.cpp in Sources */ = {isa = PBXBuildFile; fileRef = F4621FA41B432F1D00DD5CFD /* RadixSorter.cpp */; };
/* End PBXBuildFile section */

/* Begin PBXCopyFilesBuildPhase section */
		F4621F861B41C14300DD5CFD /* CopyFiles */ = {
			isa = PBXCopyFilesBuildPhase;
			buildActionMask = 2147483647;
			dstPath = /usr/share/man/man1/;
			dstSubfolderSpec = 0;
			files = (
			);
			runOnlyForDeploymentPostprocessing = 1;
		};
/* End PBXCopyFilesBuildPhase section */

/* Begin PBXFileReference section */
		F4621F881B41C14300DD5CFD /* Algo */ = {isa = PBXFileReference; explicitFileType = "compiled.mach-o.executable"; includeInIndex = 0; path = Algo; sourceTree = BUILT_PRODUCTS_DIR; };
		F4621F8B1B41C14300DD5CFD /* main.cpp */ = {isa = PBXFileReference; lastKnownFileType = sourcecode.cpp.cpp; path = main.cpp; sourceTree = "<group>"; };
		F4621F921B41C23400DD5CFD /* Sorter.h */ = {isa = PBXFileReference; lastKnownFileType = sourcecode.c.h; path = Sorter.h; sourceTree = "<group>"; };
		F4621F931B41C2CF00DD5CFD /* Sorter.cpp */ = {isa = PBXFileReference; fileEncoding = 4; lastKnownFileType = sourcecode.cpp.cpp; path = Sorter.cpp; sourceTree = "<group>"; };
		F4621F951B41C43500DD5CFD /* LibCSorter.cpp */ = {isa = PBXFileReference; fileEncoding = 4; lastKnownFileType = sourcecode.cpp.cpp; path = LibCSorter.cpp; sourceTree = "<group>"; };
		F4621F961B41C43500DD5CFD /* LibCSorter.h */ = {isa = PBXFileReference; fileEncoding = 4; lastKnownFileType = sourcecode.c.h; path = LibCSorter.h; sourceTree = "<group>"; };
		F4621F981B41C7B500DD5CFD /* MergeSorter.cpp */ = {isa = PBXFileReference; fileEncoding = 4; lastKnownFileType = sourcecode.cpp.cpp; path = MergeSorter.cpp; sourceTree = "<group>"; };
		F4621F991B41C7B500DD5CFD /* MergeSorter.h */ = {isa = PBXFileReference; fileEncoding = 4; lastKnownFileType = sourcecode.c.h; path = MergeSorter.h; sourceTree = "<group>"; };
		F4621F9B1B41DEC000DD5CFD /* QuickSorter.cpp */ = {isa = PBXFileReference; fileEncoding = 4; lastKnownFileType = sourcecode.cpp.cpp; path = QuickSorter.cpp; sourceTree = "<group>"; };
		F4621F9C1B41DEC000DD5CFD /* QuickSorter.h */ = {isa = PBXFileReference; fileEncoding = 4; lastKnownFileType = sourcecode.c.h; path = QuickSorter.h; sourceTree = "<group>"; };
		F4621F9E1B43134E00DD5CFD /* BinaryHeapSorter.cpp */ = {isa = PBXFileReference; fileEncoding = 4; lastKnownFileType = sourcecode.cpp.cpp; path = BinaryHeapSorter.cpp; sourceTree = "<group>"; };
		F4621F9F1B43134E00DD5CFD /* BinaryHeapSorter.h */ = {isa = PBXFileReference; fileEncoding = 4; lastKnownFileType = sourcecode.c.h; path = BinaryHeapSorter.h; sourceTree = "<group>"; };
		F4621FA11B43294000DD5CFD /* CountingSorter.cpp */ = {isa = PBXFileReference; fileEncoding = 4; lastKnownFileType = sourcecode.cpp.cpp; path = CountingSorter.cpp; sourceTree = "<group>"; };
		F4621FA21B43294000DD5CFD /* CountingSorter.h */ = {isa = PBXFileReference; fileEncoding = 4; lastKnownFileType = sourcecode.c.h; path = CountingSorter.h; sourceTree = "<group>"; };
		F4621FA41B432F1D00DD5CFD /* RadixSorter.cpp */ = {isa = PBXFileReference; fileEncoding = 4; lastKnownFileType = sourcecode.cpp.cpp; path = RadixSorter.cpp; sourceTree = "<group>"; };
		F4621FA51B432F1D00DD5CFD /* RadixSorter.h */ = {isa = PBXFileReference; fileEncoding = 4; lastKnownFileType = sourcecode.c.h; path = RadixSorter.h; sourceTree = "<group>"; };
/* End PBXFileReference section */

/* Begin PBXFrameworksBuildPhase section */
		F4621F851B41C14300DD5CFD /* Frameworks */ = {
			isa = PBXFrameworksBuildPhase;
			buildActionMask = 2147483647;
			files = (
			);
			runOnlyForDeploymentPostprocessing = 0;
		};
/* End PBXFrameworksBuildPhase section */

/* Begin PBXGroup section */
		F4621F7F1B41C14300DD5CFD = {
			isa = PBXGroup;
			children = (
				F4621F8A1B41C14300DD5CFD /* Algo */,
				F4621F891B41C14300DD5CFD /* Products */,
			);
			sourceTree = "<group>";
		};
		F4621F891B41C14300DD5CFD /* Products */ = {
			isa = PBXGroup;
			children = (
				F4621F881B41C14300DD5CFD /* Algo */,
			);
			name = Products;
			sourceTree = "<group>";
		};
		F4621F8A1B41C14300DD5CFD /* Algo */ = {
			isa = PBXGroup;
			children = (
				F4621F8B1B41C14300DD5CFD /* main.cpp */,
				F4621F921B41C23400DD5CFD /* Sorter.h */,
				F4621F931B41C2CF00DD5CFD /* Sorter.cpp */,
				F4621F951B41C43500DD5CFD /* LibCSorter.cpp */,
				F4621F961B41C43500DD5CFD /* LibCSorter.h */,
				F4621F981B41C7B500DD5CFD /* MergeSorter.cpp */,
				F4621F991B41C7B500DD5CFD /* MergeSorter.h */,
				F4621F9B1B41DEC000DD5CFD /* QuickSorter.cpp */,
				F4621F9C1B41DEC000DD5CFD /* QuickSorter.h */,
				F4621F9E1B43134E00DD5CFD /* BinaryHeapSorter.cpp */,
				F4621F9F1B43134E00DD5CFD /* BinaryHeapSorter.h */,
				F4621FA11B43294000DD5CFD /* CountingSorter.cpp */,
				F4621FA21B43294000DD5CFD /* CountingSorter.h */,
				F4621FA41B432F1D00DD5CFD /* RadixSorter.cpp */,
				F4621FA51B432F1D00DD5CFD /* RadixSorter.h */,
			);
			path = Algo;
			sourceTree = "<group>";
		};
/* End PBXGroup section */

/* Begin PBXNativeTarget section */
		F4621F871B41C14300DD5CFD /* Algo */ = {
			isa = PBXNativeTarget;
			buildConfigurationList = F4621F8F1B41C14300DD5CFD /* Build configuration list for PBXNativeTarget "Algo" */;
			buildPhases = (
				F4621F841B41C14300DD5CFD /* Sources */,
				F4621F851B41C14300DD5CFD /* Frameworks */,
				F4621F861B41C14300DD5CFD /* CopyFiles */,
			);
			buildRules = (
			);
			dependencies = (
			);
			name = Algo;
			productName = Algo;
			productReference = F4621F881B41C14300DD5CFD /* Algo */;
			productType = "com.apple.product-type.tool";
		};
/* End PBXNativeTarget section */

/* Begin PBXProject section */
		F4621F801B41C14300DD5CFD /* Project object */ = {
			isa = PBXProject;
			attributes = {
				LastUpgradeCheck = 0630;
				ORGANIZATIONNAME = "Marten van de Sanden";
				TargetAttributes = {
					F4621F871B41C14300DD5CFD = {
						CreatedOnToolsVersion = 6.3.2;
					};
				};
			};
			buildConfigurationList = F4621F831B41C14300DD5CFD /* Build configuration list for PBXProject "Algo" */;
			compatibilityVersion = "Xcode 3.2";
			developmentRegion = English;
			hasScannedForEncodings = 0;
			knownRegions = (
				en,
			);
			mainGroup = F4621F7F1B41C14300DD5CFD;
			productRefGroup = F4621F891B41C14300DD5CFD /* Products */;
			projectDirPath = "";
			projectRoot = "";
			targets = (
				F4621F871B41C14300DD5CFD /* Algo */,
			);
		};
/* End PBXProject section */

/* Begin PBXSourcesBuildPhase section */
		F4621F841B41C14300DD5CFD /* Sources */ = {
			isa = PBXSourcesBuildPhase;
			buildActionMask = 2147483647;
			files = (
				F4621F941B41C2CF00DD5CFD /* Sorter.cpp in Sources */,
				F4621F971B41C43500DD5CFD /* LibCSorter.cpp in Sources */,
				F4621F8C1B41C14300DD5CFD /* main.cpp in Sources */,
				F4621F9A1B41C7B500DD5CFD /* MergeSorter.cpp in Sources */,
				F4621F9D1B41DEC000DD5CFD /* QuickSorter.cpp in Sources */,
				F4621FA01B43134E00DD5CFD /* BinaryHeapSorter.cpp in Sources */,
				F4621FA31B43294000DD5CFD /* CountingSorter.cpp in Sources */,
				F4621FA61B432F1D00DD5CFD /* RadixSorter.cpp in Sources */,
			);
			runOnlyForDeploymentPostprocessing = 0;
		};
/* End PBXSourcesBuildPhase section */

/* Begin XCBuildConfiguration section */
		F4621F8D1B41C14300DD5CFD /* Debug */ = {
			isa = XCBuildConfiguration;
			buildSettings = {
				ALWAYS_SEARCH_USER_PATHS = NO;
				CLANG_CXX_LANGUAGE_STANDARD = "gnu++0x";
				CLANG_CXX_LIBRARY = "libc++";
				CLANG_ENABLE_MODULES = YES;
				CLANG_ENABLE_OBJC_ARC = YES;
				CLANG_WARN_BOOL_CONVERSION = YES;
				CLANG_WARN_CONSTANT_CONVERSION = YES;
				CLANG_WARN_DIRECT_OBJC_ISA_USAGE = YES_ERROR;
				CLANG_WARN_EMPTY_BODY = YES;
				CLANG_WARN_ENUM_CONVERSION = YES;
				CLANG_WARN_INT_CONVERSION = YES;
				CLANG_WARN_OBJC_ROOT_CLASS = YES_ERROR;
				CLANG_WARN_UNREACHABLE_CODE = YES;
				CLANG_WARN__DUPLICATE_METHOD_MATCH = YES;
				COPY_PHASE_STRIP = NO;
				DEBUG_INFORMATION_FORMAT = dwarf;
				ENABLE_STRICT_OBJC_MSGSEND = YES;
				GCC_C_LANGUAGE_STANDARD = gnu99;
				GCC_DYNAMIC_NO_PIC = NO;
				GCC_NO_COMMON_BLOCKS = YES;
				GCC_OPTIMIZATION_LEVEL = 0;
				GCC_PREPROCESSOR_DEFINITIONS = (
					"DEBUG=1",
					"$(inherited)",
				);
				GCC_SYMBOLS_PRIVATE_EXTERN = NO;
				GCC_WARN_64_TO_32_BIT_CONVERSION = YES;
				GCC_WARN_ABOUT_RETURN_TYPE = YES_ERROR;
				GCC_WARN_UNDECLARED_SELECTOR = YES;
				GCC_WARN_UNINITIALIZED_AUTOS = YES_AGGRESSIVE;
				GCC_WARN_UNUSED_FUNCTION = YES;
				GCC_WARN_UNUSED_VARIABLE = YES;
				MACOSX_DEPLOYMENT_TARGET = 10.10;
				MTL_ENABLE_DEBUG_INFO = YES;
				ONLY_ACTIVE_ARCH = YES;
				SDKROOT = macosx;
			};
			name = Debug;
		};
		F4621F8E1B41C14300DD5CFD /* Release */ = {
			isa = XCBuildConfiguration;
			buildSettings = {
				ALWAYS_SEARCH_USER_PATHS = NO;
				CLANG_CXX_LANGUAGE_STANDARD = "gnu++0x";
				CLANG_CXX_LIBRARY = "libc++";
				CLANG_ENABLE_MODULES = YES;
				CLANG_ENABLE_OBJC_ARC = YES;
				CLANG_WARN_BOOL_CONVERSION = YES;
				CLANG_WARN_CONSTANT_CONVERSION = YES;
				CLANG_WARN_DIRECT_OBJC_ISA_USAGE = YES_ERROR;
				CLANG_WARN_EMPTY_BODY = YES;
				CLANG_WARN_ENUM_CONVERSION = YES;
				CLANG_WARN_INT_CONVERSION = YES;
				CLANG_WARN_OBJC_ROOT_CLASS = YES_ERROR;
				CLANG_WARN_UNREACHABLE_CODE = YES;
				CLANG_WARN__DUPLICATE_METHOD_MATCH = YES;
				COPY_PHASE_STRIP = NO;
				DEBUG_INFORMATION_FORMAT = "dwarf-with-dsym";
				ENABLE_NS_ASSERTIONS = NO;
				ENABLE_STRICT_OBJC_MSGSEND = YES;
				GCC_C_LANGUAGE_STANDARD = gnu99;
				GCC_NO_COMMON_BLOCKS = YES;
				GCC_WARN_64_TO_32_BIT_CONVERSION = YES;
				GCC_WARN_ABOUT_RETURN_TYPE = YES_ERROR;
				GCC_WARN_UNDECLARED_SELECTOR = YES;
				GCC_WARN_UNINITIALIZED_AUTOS = YES_AGGRESSIVE;
				GCC_WARN_UNUSED_FUNCTION = YES;
				GCC_WARN_UNUSED_VARIABLE = YES;
				MACOSX_DEPLOYMENT_TARGET = 10.10;
				MTL_ENABLE_DEBUG_INFO = NO;
				SDKROOT = macosx;
			};
			name = Release;
		};
		F4621F901B41C14300DD5CFD /* Debug */ = {
			isa = XCBuildConfiguration;
			buildSettings = {
				PRODUCT_NAME = "$(TARGET_NAME)";
			};
			name = Debug;
		};
		F4621F911B41C14300DD5CFD /* Release */ = {
			isa = XCBuildConfiguration;
			buildSettings = {
				PRODUCT_NAME = "$(TARGET_NAME)";
			};
			name = Release;
		};
/* End XCBuildConfiguration section */

/* Begin XCConfigurationList section */
		F4621F831B41C14300DD5CFD /* Build configuration list for PBXProject "Algo" */ = {
			isa = XCConfigurationList;
			buildConfigurations = (
				F4621F8D1B41C14300DD5CFD /* Debug */,
				F4621F8E1B41C14300DD5CFD /* Release */,
			);
			defaultConfigurationIsVisible = 0;
			defaultConfigurationName = Release;
		};
		F4621F8F1B41C14300DD5CFD /* Build configuration list for PBXNativeTarget "Algo" */ = {
			isa = XCConfigurationList;
			buildConfigurations = (
				F4621F901B41C14300DD5CFD /* Debug */,
				F4621F911B41C14300DD5CFD /* Release */,
			);
			defaultConfigurationIsVisible = 0;
			defaultConfigurationName = Release;
		};
/* End XCConfigurationList section */
	};
	rootObject = F4621F801B41C14300DD5CFD /* Project object */;
}
